// !$*UTF8*$!
{
	archiveVersion = 1;
	classes = {
	};
	objectVersion = 56;
	objects = {

/* Begin PBXBuildFile section */
		844BD0622D4DF27C0029ED42 /* BookCollectionAppApp.swift in Sources */ = {isa = PBXBuildFile; fileRef = 844BD0612D4DF27C0029ED42 /* BookCollectionAppApp.swift */; };
		844BD0642D4DF27C0029ED42 /* ContentView.swift in Sources */ = {isa = PBXBuildFile; fileRef = 844BD0632D4DF27C0029ED42 /* ContentView.swift */; };
		844BD0662D4DF27D0029ED42 /* Assets.xcassets in Resources */ = {isa = PBXBuildFile; fileRef = 844BD0652D4DF27D0029ED42 /* Assets.xcassets */; };
		844BD0692D4DF27D0029ED42 /* Preview Assets.xcassets in Resources */ = {isa = PBXBuildFile; fileRef = 844BD0682D4DF27D0029ED42 /* Preview Assets.xcassets */; };
		844BD0732D4DF27E0029ED42 /* BookCollectionAppTests.swift in Sources */ = {isa = PBXBuildFile; fileRef = 844BD0722D4DF27E0029ED42 /* BookCollectionAppTests.swift */; };
		844BD07D2D4DF27E0029ED42 /* BookCollectionAppUITests.swift in Sources */ = {isa = PBXBuildFile; fileRef = 844BD07C2D4DF27E0029ED42 /* BookCollectionAppUITests.swift */; };
		844BD07F2D4DF27E0029ED42 /* BookCollectionAppUITestsLaunchTests.swift in Sources */ = {isa = PBXBuildFile; fileRef = 844BD07E2D4DF27E0029ED42 /* BookCollectionAppUITestsLaunchTests.swift */; };
		844BD08D2D4DF2CC0029ED42 /* BookCollectionApp.xcdatamodeld in Sources */ = {isa = PBXBuildFile; fileRef = 844BD08B2D4DF2CC0029ED42 /* BookCollectionApp.xcdatamodeld */; };
		844BD08F2D4DF4FE0029ED42 /* PersistenceController.swift in Sources */ = {isa = PBXBuildFile; fileRef = 844BD08E2D4DF4FE0029ED42 /* PersistenceController.swift */; };
		844BD0912D4DF8FD0029ED42 /* AddBookView.swift in Sources */ = {isa = PBXBuildFile; fileRef = 844BD0902D4DF8FD0029ED42 /* AddBookView.swift */; };
		844BD0932D4E024D0029ED42 /* EditBookView.swift in Sources */ = {isa = PBXBuildFile; fileRef = 844BD0922D4E024D0029ED42 /* EditBookView.swift */; };
		844BD0952D4E11FF0029ED42 /* BookListView.swift in Sources */ = {isa = PBXBuildFile; fileRef = 844BD0942D4E11FF0029ED42 /* BookListView.swift */; };
/* End PBXBuildFile section */

/* Begin PBXContainerItemProxy section */
		844BD06F2D4DF27E0029ED42 /* PBXContainerItemProxy */ = {
			isa = PBXContainerItemProxy;
			containerPortal = 844BD0562D4DF27B0029ED42 /* Project object */;
			proxyType = 1;
			remoteGlobalIDString = 844BD05D2D4DF27C0029ED42;
			remoteInfo = BookCollectionApp;
		};
		844BD0792D4DF27E0029ED42 /* PBXContainerItemProxy */ = {
			isa = PBXContainerItemProxy;
			containerPortal = 844BD0562D4DF27B0029ED42 /* Project object */;
			proxyType = 1;
			remoteGlobalIDString = 844BD05D2D4DF27C0029ED42;
			remoteInfo = BookCollectionApp;
		};
/* End PBXContainerItemProxy section */

/* Begin PBXFileReference section */
		844BD05E2D4DF27C0029ED42 /* BookCollectionApp.app */ = {isa = PBXFileReference; explicitFileType = wrapper.application; includeInIndex = 0; path = BookCollectionApp.app; sourceTree = BUILT_PRODUCTS_DIR; };
		844BD0612D4DF27C0029ED42 /* BookCollectionAppApp.swift */ = {isa = PBXFileReference; lastKnownFileType = sourcecode.swift; path = BookCollectionAppApp.swift; sourceTree = "<group>"; };
		844BD0632D4DF27C0029ED42 /* ContentView.swift */ = {isa = PBXFileReference; lastKnownFileType = sourcecode.swift; path = ContentView.swift; sourceTree = "<group>"; };
		844BD0652D4DF27D0029ED42 /* Assets.xcassets */ = {isa = PBXFileReference; lastKnownFileType = folder.assetcatalog; path = Assets.xcassets; sourceTree = "<group>"; };
		844BD0682D4DF27D0029ED42 /* Preview Assets.xcassets */ = {isa = PBXFileReference; lastKnownFileType = folder.assetcatalog; path = "Preview Assets.xcassets"; sourceTree = "<group>"; };
		844BD06E2D4DF27E0029ED42 /* BookCollectionAppTests.xctest */ = {isa = PBXFileReference; explicitFileType = wrapper.cfbundle; includeInIndex = 0; path = BookCollectionAppTests.xctest; sourceTree = BUILT_PRODUCTS_DIR; };
		844BD0722D4DF27E0029ED42 /* BookCollectionAppTests.swift */ = {isa = PBXFileReference; lastKnownFileType = sourcecode.swift; path = BookCollectionAppTests.swift; sourceTree = "<group>"; };
		844BD0782D4DF27E0029ED42 /* BookCollectionAppUITests.xctest */ = {isa = PBXFileReference; explicitFileType = wrapper.cfbundle; includeInIndex = 0; path = BookCollectionAppUITests.xctest; sourceTree = BUILT_PRODUCTS_DIR; };
		844BD07C2D4DF27E0029ED42 /* BookCollectionAppUITests.swift */ = {isa = PBXFileReference; lastKnownFileType = sourcecode.swift; path = BookCollectionAppUITests.swift; sourceTree = "<group>"; };
		844BD07E2D4DF27E0029ED42 /* BookCollectionAppUITestsLaunchTests.swift */ = {isa = PBXFileReference; lastKnownFileType = sourcecode.swift; path = BookCollectionAppUITestsLaunchTests.swift; sourceTree = "<group>"; };
		844BD08C2D4DF2CC0029ED42 /* BookCollectionApp.xcdatamodel */ = {isa = PBXFileReference; lastKnownFileType = wrapper.xcdatamodel; path = BookCollectionApp.xcdatamodel; sourceTree = "<group>"; };
		844BD08E2D4DF4FE0029ED42 /* PersistenceController.swift */ = {isa = PBXFileReference; lastKnownFileType = sourcecode.swift; path = PersistenceController.swift; sourceTree = "<group>"; };
		844BD0902D4DF8FD0029ED42 /* AddBookView.swift */ = {isa = PBXFileReference; lastKnownFileType = sourcecode.swift; path = AddBookView.swift; sourceTree = "<group>"; };
		844BD0922D4E024D0029ED42 /* EditBookView.swift */ = {isa = PBXFileReference; lastKnownFileType = sourcecode.swift; path = EditBookView.swift; sourceTree = "<group>"; };
		844BD0942D4E11FF0029ED42 /* BookListView.swift */ = {isa = PBXFileReference; lastKnownFileType = sourcecode.swift; path = BookListView.swift; sourceTree = "<group>"; };
/* End PBXFileReference section */

/* Begin PBXFrameworksBuildPhase section */
		844BD05B2D4DF27C0029ED42 /* Frameworks */ = {
			isa = PBXFrameworksBuildPhase;
			buildActionMask = 2147483647;
			files = (
			);
			runOnlyForDeploymentPostprocessing = 0;
		};
		844BD06B2D4DF27E0029ED42 /* Frameworks */ = {
			isa = PBXFrameworksBuildPhase;
			buildActionMask = 2147483647;
			files = (
			);
			runOnlyForDeploymentPostprocessing = 0;
		};
		844BD0752D4DF27E0029ED42 /* Frameworks */ = {
			isa = PBXFrameworksBuildPhase;
			buildActionMask = 2147483647;
			files = (
			);
			runOnlyForDeploymentPostprocessing = 0;
		};
/* End PBXFrameworksBuildPhase section */

/* Begin PBXGroup section */
		844BD0552D4DF27B0029ED42 = {
			isa = PBXGroup;
			children = (
				844BD0602D4DF27C0029ED42 /* BookCollectionApp */,
				844BD0712D4DF27E0029ED42 /* BookCollectionAppTests */,
				844BD07B2D4DF27E0029ED42 /* BookCollectionAppUITests */,
				844BD05F2D4DF27C0029ED42 /* Products */,
			);
			sourceTree = "<group>";
		};
		844BD05F2D4DF27C0029ED42 /* Products */ = {
			isa = PBXGroup;
			children = (
				844BD05E2D4DF27C0029ED42 /* BookCollectionApp.app */,
				844BD06E2D4DF27E0029ED42 /* BookCollectionAppTests.xctest */,
				844BD0782D4DF27E0029ED42 /* BookCollectionAppUITests.xctest */,
			);
			name = Products;
			sourceTree = "<group>";
		};
		844BD0602D4DF27C0029ED42 /* BookCollectionApp */ = {
			isa = PBXGroup;
			children = (
				844BD0612D4DF27C0029ED42 /* BookCollectionAppApp.swift */,
				844BD0632D4DF27C0029ED42 /* ContentView.swift */,
				844BD0652D4DF27D0029ED42 /* Assets.xcassets */,
				844BD0672D4DF27D0029ED42 /* Preview Content */,
				844BD08B2D4DF2CC0029ED42 /* BookCollectionApp.xcdatamodeld */,
				844BD08E2D4DF4FE0029ED42 /* PersistenceController.swift */,
				844BD0902D4DF8FD0029ED42 /* AddBookView.swift */,
				844BD0922D4E024D0029ED42 /* EditBookView.swift */,
				844BD0942D4E11FF0029ED42 /* BookListView.swift */,
			);
			path = BookCollectionApp;
			sourceTree = "<group>";
		};
		844BD0672D4DF27D0029ED42 /* Preview Content */ = {
			isa = PBXGroup;
			children = (
				844BD0682D4DF27D0029ED42 /* Preview Assets.xcassets */,
			);
			path = "Preview Content";
			sourceTree = "<group>";
		};
		844BD0712D4DF27E0029ED42 /* BookCollectionAppTests */ = {
			isa = PBXGroup;
			children = (
				844BD0722D4DF27E0029ED42 /* BookCollectionAppTests.swift */,
			);
			path = BookCollectionAppTests;
			sourceTree = "<group>";
		};
		844BD07B2D4DF27E0029ED42 /* BookCollectionAppUITests */ = {
			isa = PBXGroup;
			children = (
				844BD07C2D4DF27E0029ED42 /* BookCollectionAppUITests.swift */,
				844BD07E2D4DF27E0029ED42 /* BookCollectionAppUITestsLaunchTests.swift */,
			);
			path = BookCollectionAppUITests;
			sourceTree = "<group>";
		};
/* End PBXGroup section */

/* Begin PBXNativeTarget section */
		844BD05D2D4DF27C0029ED42 /* BookCollectionApp */ = {
			isa = PBXNativeTarget;
			buildConfigurationList = 844BD0822D4DF27E0029ED42 /* Build configuration list for PBXNativeTarget "BookCollectionApp" */;
			buildPhases = (
				844BD05A2D4DF27C0029ED42 /* Sources */,
				844BD05B2D4DF27C0029ED42 /* Frameworks */,
				844BD05C2D4DF27C0029ED42 /* Resources */,
			);
			buildRules = (
			);
			dependencies = (
			);
			name = BookCollectionApp;
			productName = BookCollectionApp;
			productReference = 844BD05E2D4DF27C0029ED42 /* BookCollectionApp.app */;
			productType = "com.apple.product-type.application";
		};
		844BD06D2D4DF27E0029ED42 /* BookCollectionAppTests */ = {
			isa = PBXNativeTarget;
			buildConfigurationList = 844BD0852D4DF27E0029ED42 /* Build configuration list for PBXNativeTarget "BookCollectionAppTests" */;
			buildPhases = (
				844BD06A2D4DF27E0029ED42 /* Sources */,
				844BD06B2D4DF27E0029ED42 /* Frameworks */,
				844BD06C2D4DF27E0029ED42 /* Resources */,
			);
			buildRules = (
			);
			dependencies = (
				844BD0702D4DF27E0029ED42 /* PBXTargetDependency */,
			);
			name = BookCollectionAppTests;
			productName = BookCollectionAppTests;
			productReference = 844BD06E2D4DF27E0029ED42 /* BookCollectionAppTests.xctest */;
			productType = "com.apple.product-type.bundle.unit-test";
		};
		844BD0772D4DF27E0029ED42 /* BookCollectionAppUITests */ = {
			isa = PBXNativeTarget;
			buildConfigurationList = 844BD0882D4DF27E0029ED42 /* Build configuration list for PBXNativeTarget "BookCollectionAppUITests" */;
			buildPhases = (
				844BD0742D4DF27E0029ED42 /* Sources */,
				844BD0752D4DF27E0029ED42 /* Frameworks */,
				844BD0762D4DF27E0029ED42 /* Resources */,
			);
			buildRules = (
			);
			dependencies = (
				844BD07A2D4DF27E0029ED42 /* PBXTargetDependency */,
			);
			name = BookCollectionAppUITests;
			productName = BookCollectionAppUITests;
			productReference = 844BD0782D4DF27E0029ED42 /* BookCollectionAppUITests.xctest */;
			productType = "com.apple.product-type.bundle.ui-testing";
		};
/* End PBXNativeTarget section */

/* Begin PBXProject section */
		844BD0562D4DF27B0029ED42 /* Project object */ = {
			isa = PBXProject;
			attributes = {
				BuildIndependentTargetsInParallel = 1;
				LastSwiftUpdateCheck = 1400;
				LastUpgradeCheck = 1400;
				TargetAttributes = {
					844BD05D2D4DF27C0029ED42 = {
						CreatedOnToolsVersion = 14.0.1;
					};
					844BD06D2D4DF27E0029ED42 = {
						CreatedOnToolsVersion = 14.0.1;
						TestTargetID = 844BD05D2D4DF27C0029ED42;
					};
					844BD0772D4DF27E0029ED42 = {
						CreatedOnToolsVersion = 14.0.1;
						TestTargetID = 844BD05D2D4DF27C0029ED42;
					};
				};
			};
			buildConfigurationList = 844BD0592D4DF27B0029ED42 /* Build configuration list for PBXProject "BookCollectionApp" */;
			compatibilityVersion = "Xcode 14.0";
			developmentRegion = en;
			hasScannedForEncodings = 0;
			knownRegions = (
				en,
				Base,
			);
			mainGroup = 844BD0552D4DF27B0029ED42;
			productRefGroup = 844BD05F2D4DF27C0029ED42 /* Products */;
			projectDirPath = "";
			projectRoot = "";
			targets = (
				844BD05D2D4DF27C0029ED42 /* BookCollectionApp */,
				844BD06D2D4DF27E0029ED42 /* BookCollectionAppTests */,
				844BD0772D4DF27E0029ED42 /* BookCollectionAppUITests */,
			);
		};
/* End PBXProject section */

/* Begin PBXResourcesBuildPhase section */
		844BD05C2D4DF27C0029ED42 /* Resources */ = {
			isa = PBXResourcesBuildPhase;
			buildActionMask = 2147483647;
			files = (
				844BD0692D4DF27D0029ED42 /* Preview Assets.xcassets in Resources */,
				844BD0662D4DF27D0029ED42 /* Assets.xcassets in Resources */,
			);
			runOnlyForDeploymentPostprocessing = 0;
		};
		844BD06C2D4DF27E0029ED42 /* Resources */ = {
			isa = PBXResourcesBuildPhase;
			buildActionMask = 2147483647;
			files = (
			);
			runOnlyForDeploymentPostprocessing = 0;
		};
		844BD0762D4DF27E0029ED42 /* Resources */ = {
			isa = PBXResourcesBuildPhase;
			buildActionMask = 2147483647;
			files = (
			);
			runOnlyForDeploymentPostprocessing = 0;
		};
/* End PBXResourcesBuildPhase section */

/* Begin PBXSourcesBuildPhase section */
		844BD05A2D4DF27C0029ED42 /* Sources */ = {
			isa = PBXSourcesBuildPhase;
			buildActionMask = 2147483647;
			files = (
				844BD0642D4DF27C0029ED42 /* ContentView.swift in Sources */,
				844BD0622D4DF27C0029ED42 /* BookCollectionAppApp.swift in Sources */,
				844BD08D2D4DF2CC0029ED42 /* BookCollectionApp.xcdatamodeld in Sources */,
				844BD0932D4E024D0029ED42 /* EditBookView.swift in Sources */,
				844BD08F2D4DF4FE0029ED42 /* PersistenceController.swift in Sources */,
				844BD0952D4E11FF0029ED42 /* BookListView.swift in Sources */,
				844BD0912D4DF8FD0029ED42 /* AddBookView.swift in Sources */,
			);
			runOnlyForDeploymentPostprocessing = 0;
		};
		844BD06A2D4DF27E0029ED42 /* Sources */ = {
			isa = PBXSourcesBuildPhase;
			buildActionMask = 2147483647;
			files = (
				844BD0732D4DF27E0029ED42 /* BookCollectionAppTests.swift in Sources */,
			);
			runOnlyForDeploymentPostprocessing = 0;
		};
		844BD0742D4DF27E0029ED42 /* Sources */ = {
			isa = PBXSourcesBuildPhase;
			buildActionMask = 2147483647;
			files = (
				844BD07D2D4DF27E0029ED42 /* BookCollectionAppUITests.swift in Sources */,
				844BD07F2D4DF27E0029ED42 /* BookCollectionAppUITestsLaunchTests.swift in Sources */,
			);
			runOnlyForDeploymentPostprocessing = 0;
		};
/* End PBXSourcesBuildPhase section */

/* Begin PBXTargetDependency section */
		844BD0702D4DF27E0029ED42 /* PBXTargetDependency */ = {
			isa = PBXTargetDependency;
			target = 844BD05D2D4DF27C0029ED42 /* BookCollectionApp */;
			targetProxy = 844BD06F2D4DF27E0029ED42 /* PBXContainerItemProxy */;
		};
		844BD07A2D4DF27E0029ED42 /* PBXTargetDependency */ = {
			isa = PBXTargetDependency;
			target = 844BD05D2D4DF27C0029ED42 /* BookCollectionApp */;
			targetProxy = 844BD0792D4DF27E0029ED42 /* PBXContainerItemProxy */;
		};
/* End PBXTargetDependency section */

/* Begin XCBuildConfiguration section */
		844BD0802D4DF27E0029ED42 /* Debug */ = {
			isa = XCBuildConfiguration;
			buildSettings = {
				ALWAYS_SEARCH_USER_PATHS = NO;
				CLANG_ANALYZER_NONNULL = YES;
				CLANG_ANALYZER_NUMBER_OBJECT_CONVERSION = YES_AGGRESSIVE;
				CLANG_CXX_LANGUAGE_STANDARD = "gnu++20";
				CLANG_ENABLE_MODULES = YES;
				CLANG_ENABLE_OBJC_ARC = YES;
				CLANG_ENABLE_OBJC_WEAK = YES;
				CLANG_WARN_BLOCK_CAPTURE_AUTORELEASING = YES;
				CLANG_WARN_BOOL_CONVERSION = YES;
				CLANG_WARN_COMMA = YES;
				CLANG_WARN_CONSTANT_CONVERSION = YES;
				CLANG_WARN_DEPRECATED_OBJC_IMPLEMENTATIONS = YES;
				CLANG_WARN_DIRECT_OBJC_ISA_USAGE = YES_ERROR;
				CLANG_WARN_DOCUMENTATION_COMMENTS = YES;
				CLANG_WARN_EMPTY_BODY = YES;
				CLANG_WARN_ENUM_CONVERSION = YES;
				CLANG_WARN_INFINITE_RECURSION = YES;
				CLANG_WARN_INT_CONVERSION = YES;
				CLANG_WARN_NON_LITERAL_NULL_CONVERSION = YES;
				CLANG_WARN_OBJC_IMPLICIT_RETAIN_SELF = YES;
				CLANG_WARN_OBJC_LITERAL_CONVERSION = YES;
				CLANG_WARN_OBJC_ROOT_CLASS = YES_ERROR;
				CLANG_WARN_QUOTED_INCLUDE_IN_FRAMEWORK_HEADER = YES;
				CLANG_WARN_RANGE_LOOP_ANALYSIS = YES;
				CLANG_WARN_STRICT_PROTOTYPES = YES;
				CLANG_WARN_SUSPICIOUS_MOVE = YES;
				CLANG_WARN_UNGUARDED_AVAILABILITY = YES_AGGRESSIVE;
				CLANG_WARN_UNREACHABLE_CODE = YES;
				CLANG_WARN__DUPLICATE_METHOD_MATCH = YES;
				COPY_PHASE_STRIP = NO;
				DEBUG_INFORMATION_FORMAT = dwarf;
				ENABLE_STRICT_OBJC_MSGSEND = YES;
				ENABLE_TESTABILITY = YES;
				GCC_C_LANGUAGE_STANDARD = gnu11;
				GCC_DYNAMIC_NO_PIC = NO;
				GCC_NO_COMMON_BLOCKS = YES;
				GCC_OPTIMIZATION_LEVEL = 0;
				GCC_PREPROCESSOR_DEFINITIONS = (
					"DEBUG=1",
					"$(inherited)",
				);
				GCC_WARN_64_TO_32_BIT_CONVERSION = YES;
				GCC_WARN_ABOUT_RETURN_TYPE = YES_ERROR;
				GCC_WARN_UNDECLARED_SELECTOR = YES;
				GCC_WARN_UNINITIALIZED_AUTOS = YES_AGGRESSIVE;
				GCC_WARN_UNUSED_FUNCTION = YES;
				GCC_WARN_UNUSED_VARIABLE = YES;
				IPHONEOS_DEPLOYMENT_TARGET = 16.0;
				MTL_ENABLE_DEBUG_INFO = INCLUDE_SOURCE;
				MTL_FAST_MATH = YES;
				ONLY_ACTIVE_ARCH = YES;
				SDKROOT = iphoneos;
				SWIFT_ACTIVE_COMPILATION_CONDITIONS = DEBUG;
				SWIFT_OPTIMIZATION_LEVEL = "-Onone";
			};
			name = Debug;
		};
		844BD0812D4DF27E0029ED42 /* Release */ = {
			isa = XCBuildConfiguration;
			buildSettings = {
				ALWAYS_SEARCH_USER_PATHS = NO;
				CLANG_ANALYZER_NONNULL = YES;
				CLANG_ANALYZER_NUMBER_OBJECT_CONVERSION = YES_AGGRESSIVE;
				CLANG_CXX_LANGUAGE_STANDARD = "gnu++20";
				CLANG_ENABLE_MODULES = YES;
				CLANG_ENABLE_OBJC_ARC = YES;
				CLANG_ENABLE_OBJC_WEAK = YES;
				CLANG_WARN_BLOCK_CAPTURE_AUTORELEASING = YES;
				CLANG_WARN_BOOL_CONVERSION = YES;
				CLANG_WARN_COMMA = YES;
				CLANG_WARN_CONSTANT_CONVERSION = YES;
				CLANG_WARN_DEPRECATED_OBJC_IMPLEMENTATIONS = YES;
				CLANG_WARN_DIRECT_OBJC_ISA_USAGE = YES_ERROR;
				CLANG_WARN_DOCUMENTATION_COMMENTS = YES;
				CLANG_WARN_EMPTY_BODY = YES;
				CLANG_WARN_ENUM_CONVERSION = YES;
				CLANG_WARN_INFINITE_RECURSION = YES;
				CLANG_WARN_INT_CONVERSION = YES;
				CLANG_WARN_NON_LITERAL_NULL_CONVERSION = YES;
				CLANG_WARN_OBJC_IMPLICIT_RETAIN_SELF = YES;
				CLANG_WARN_OBJC_LITERAL_CONVERSION = YES;
				CLANG_WARN_OBJC_ROOT_CLASS = YES_ERROR;
				CLANG_WARN_QUOTED_INCLUDE_IN_FRAMEWORK_HEADER = YES;
				CLANG_WARN_RANGE_LOOP_ANALYSIS = YES;
				CLANG_WARN_STRICT_PROTOTYPES = YES;
				CLANG_WARN_SUSPICIOUS_MOVE = YES;
				CLANG_WARN_UNGUARDED_AVAILABILITY = YES_AGGRESSIVE;
				CLANG_WARN_UNREACHABLE_CODE = YES;
				CLANG_WARN__DUPLICATE_METHOD_MATCH = YES;
				COPY_PHASE_STRIP = NO;
				DEBUG_INFORMATION_FORMAT = "dwarf-with-dsym";
				ENABLE_NS_ASSERTIONS = NO;
				ENABLE_STRICT_OBJC_MSGSEND = YES;
				GCC_C_LANGUAGE_STANDARD = gnu11;
				GCC_NO_COMMON_BLOCKS = YES;
				GCC_WARN_64_TO_32_BIT_CONVERSION = YES;
				GCC_WARN_ABOUT_RETURN_TYPE = YES_ERROR;
				GCC_WARN_UNDECLARED_SELECTOR = YES;
				GCC_WARN_UNINITIALIZED_AUTOS = YES_AGGRESSIVE;
				GCC_WARN_UNUSED_FUNCTION = YES;
				GCC_WARN_UNUSED_VARIABLE = YES;
				IPHONEOS_DEPLOYMENT_TARGET = 16.0;
				MTL_ENABLE_DEBUG_INFO = NO;
				MTL_FAST_MATH = YES;
				SDKROOT = iphoneos;
				SWIFT_COMPILATION_MODE = wholemodule;
				SWIFT_OPTIMIZATION_LEVEL = "-O";
				VALIDATE_PRODUCT = YES;
			};
			name = Release;
		};
		844BD0832D4DF27E0029ED42 /* Debug */ = {
			isa = XCBuildConfiguration;
			buildSettings = {
				ASSETCATALOG_COMPILER_APPICON_NAME = AppIcon;
				ASSETCATALOG_COMPILER_GLOBAL_ACCENT_COLOR_NAME = AccentColor;
				CODE_SIGN_STYLE = Automatic;
				CURRENT_PROJECT_VERSION = 1;
				DEVELOPMENT_ASSET_PATHS = "\"BookCollectionApp/Preview Content\"";
				ENABLE_PREVIEWS = YES;
				GENERATE_INFOPLIST_FILE = YES;
				INFOPLIST_KEY_UIApplicationSceneManifest_Generation = YES;
				INFOPLIST_KEY_UIApplicationSupportsIndirectInputEvents = YES;
				INFOPLIST_KEY_UILaunchScreen_Generation = YES;
				INFOPLIST_KEY_UISupportedInterfaceOrientations_iPad = "UIInterfaceOrientationPortrait UIInterfaceOrientationPortraitUpsideDown UIInterfaceOrientationLandscapeLeft UIInterfaceOrientationLandscapeRight";
				INFOPLIST_KEY_UISupportedInterfaceOrientations_iPhone = "UIInterfaceOrientationPortrait UIInterfaceOrientationLandscapeLeft UIInterfaceOrientationLandscapeRight";
				LD_RUNPATH_SEARCH_PATHS = (
					"$(inherited)",
					"@executable_path/Frameworks",
				);
				MARKETING_VERSION = 1.0;
				PRODUCT_BUNDLE_IDENTIFIER = com.example.sampleapp.BookCollectionApp;
				PRODUCT_NAME = "$(TARGET_NAME)";
				SWIFT_EMIT_LOC_STRINGS = YES;
				SWIFT_VERSION = 5.0;
				TARGETED_DEVICE_FAMILY = "1,2";
			};
			name = Debug;
		};
		844BD0842D4DF27E0029ED42 /* Release */ = {
			isa = XCBuildConfiguration;
			buildSettings = {
				ASSETCATALOG_COMPILER_APPICON_NAME = AppIcon;
				ASSETCATALOG_COMPILER_GLOBAL_ACCENT_COLOR_NAME = AccentColor;
				CODE_SIGN_STYLE = Automatic;
				CURRENT_PROJECT_VERSION = 1;
				DEVELOPMENT_ASSET_PATHS = "\"BookCollectionApp/Preview Content\"";
				ENABLE_PREVIEWS = YES;
				GENERATE_INFOPLIST_FILE = YES;
				INFOPLIST_KEY_UIApplicationSceneManifest_Generation = YES;
				INFOPLIST_KEY_UIApplicationSupportsIndirectInputEvents = YES;
				INFOPLIST_KEY_UILaunchScreen_Generation = YES;
				INFOPLIST_KEY_UISupportedInterfaceOrientations_iPad = "UIInterfaceOrientationPortrait UIInterfaceOrientationPortraitUpsideDown UIInterfaceOrientationLandscapeLeft UIInterfaceOrientationLandscapeRight";
				INFOPLIST_KEY_UISupportedInterfaceOrientations_iPhone = "UIInterfaceOrientationPortrait UIInterfaceOrientationLandscapeLeft UIInterfaceOrientationLandscapeRight";
				LD_RUNPATH_SEARCH_PATHS = (
					"$(inherited)",
					"@executable_path/Frameworks",
				);
				MARKETING_VERSION = 1.0;
				PRODUCT_BUNDLE_IDENTIFIER = com.example.sampleapp.BookCollectionApp;
				PRODUCT_NAME = "$(TARGET_NAME)";
				SWIFT_EMIT_LOC_STRINGS = YES;
				SWIFT_VERSION = 5.0;
				TARGETED_DEVICE_FAMILY = "1,2";
			};
			name = Release;
		};
		844BD0862D4DF27E0029ED42 /* Debug */ = {
			isa = XCBuildConfiguration;
			buildSettings = {
				ALWAYS_EMBED_SWIFT_STANDARD_LIBRARIES = YES;
				BUNDLE_LOADER = "$(TEST_HOST)";
				CODE_SIGN_STYLE = Automatic;
				CURRENT_PROJECT_VERSION = 1;
				GENERATE_INFOPLIST_FILE = YES;
				IPHONEOS_DEPLOYMENT_TARGET = 16.0;
				MARKETING_VERSION = 1.0;
				PRODUCT_BUNDLE_IDENTIFIER = com.example.sampleapp.BookCollectionAppTests;
				PRODUCT_NAME = "$(TARGET_NAME)";
				SWIFT_EMIT_LOC_STRINGS = NO;
				SWIFT_VERSION = 5.0;
				TARGETED_DEVICE_FAMILY = "1,2";
				TEST_HOST = "$(BUILT_PRODUCTS_DIR)/BookCollectionApp.app/$(BUNDLE_EXECUTABLE_FOLDER_PATH)/BookCollectionApp";
			};
			name = Debug;
		};
		844BD0872D4DF27E0029ED42 /* Release */ = {
			isa = XCBuildConfiguration;
			buildSettings = {
				ALWAYS_EMBED_SWIFT_STANDARD_LIBRARIES = YES;
				BUNDLE_LOADER = "$(TEST_HOST)";
				CODE_SIGN_STYLE = Automatic;
				CURRENT_PROJECT_VERSION = 1;
				GENERATE_INFOPLIST_FILE = YES;
				IPHONEOS_DEPLOYMENT_TARGET = 16.0;
				MARKETING_VERSION = 1.0;
				PRODUCT_BUNDLE_IDENTIFIER = com.example.sampleapp.BookCollectionAppTests;
				PRODUCT_NAME = "$(TARGET_NAME)";
				SWIFT_EMIT_LOC_STRINGS = NO;
				SWIFT_VERSION = 5.0;
				TARGETED_DEVICE_FAMILY = "1,2";
				TEST_HOST = "$(BUILT_PRODUCTS_DIR)/BookCollectionApp.app/$(BUNDLE_EXECUTABLE_FOLDER_PATH)/BookCollectionApp";
			};
			name = Release;
		};
		844BD0892D4DF27E0029ED42 /* Debug */ = {
			isa = XCBuildConfiguration;
			buildSettings = {
				ALWAYS_EMBED_SWIFT_STANDARD_LIBRARIES = YES;
				CODE_SIGN_STYLE = Automatic;
				CURRENT_PROJECT_VERSION = 1;
				GENERATE_INFOPLIST_FILE = YES;
				MARKETING_VERSION = 1.0;
				PRODUCT_BUNDLE_IDENTIFIER = com.example.sampleapp.BookCollectionAppUITests;
				PRODUCT_NAME = "$(TARGET_NAME)";
				SWIFT_EMIT_LOC_STRINGS = NO;
				SWIFT_VERSION = 5.0;
				TARGETED_DEVICE_FAMILY = "1,2";
				TEST_TARGET_NAME = BookCollectionApp;
			};
			name = Debug;
		};
		844BD08A2D4DF27E0029ED42 /* Release */ = {
			isa = XCBuildConfiguration;
			buildSettings = {
				ALWAYS_EMBED_SWIFT_STANDARD_LIBRARIES = YES;
				CODE_SIGN_STYLE = Automatic;
				CURRENT_PROJECT_VERSION = 1;
				GENERATE_INFOPLIST_FILE = YES;
				MARKETING_VERSION = 1.0;
				PRODUCT_BUNDLE_IDENTIFIER = com.example.sampleapp.BookCollectionAppUITests;
				PRODUCT_NAME = "$(TARGET_NAME)";
				SWIFT_EMIT_LOC_STRINGS = NO;
				SWIFT_VERSION = 5.0;
				TARGETED_DEVICE_FAMILY = "1,2";
				TEST_TARGET_NAME = BookCollectionApp;
			};
			name = Release;
		};
/* End XCBuildConfiguration section */

/* Begin XCConfigurationList section */
		844BD0592D4DF27B0029ED42 /* Build configuration list for PBXProject "BookCollectionApp" */ = {
			isa = XCConfigurationList;
			buildConfigurations = (
				844BD0802D4DF27E0029ED42 /* Debug */,
				844BD0812D4DF27E0029ED42 /* Release */,
			);
			defaultConfigurationIsVisible = 0;
			defaultConfigurationName = Release;
		};
		844BD0822D4DF27E0029ED42 /* Build configuration list for PBXNativeTarget "BookCollectionApp" */ = {
			isa = XCConfigurationList;
			buildConfigurations = (
				844BD0832D4DF27E0029ED42 /* Debug */,
				844BD0842D4DF27E0029ED42 /* Release */,
			);
			defaultConfigurationIsVisible = 0;
			defaultConfigurationName = Release;
		};
		844BD0852D4DF27E0029ED42 /* Build configuration list for PBXNativeTarget "BookCollectionAppTests" */ = {
			isa = XCConfigurationList;
			buildConfigurations = (
				844BD0862D4DF27E0029ED42 /* Debug */,
				844BD0872D4DF27E0029ED42 /* Release */,
			);
			defaultConfigurationIsVisible = 0;
			defaultConfigurationName = Release;
		};
		844BD0882D4DF27E0029ED42 /* Build configuration list for PBXNativeTarget "BookCollectionAppUITests" */ = {
			isa = XCConfigurationList;
			buildConfigurations = (
				844BD0892D4DF27E0029ED42 /* Debug */,
				844BD08A2D4DF27E0029ED42 /* Release */,
			);
			defaultConfigurationIsVisible = 0;
			defaultConfigurationName = Release;
		};
/* End XCConfigurationList section */

/* Begin XCVersionGroup section */
		844BD08B2D4DF2CC0029ED42 /* BookCollectionApp.xcdatamodeld */ = {
			isa = XCVersionGroup;
			children = (
				844BD08C2D4DF2CC0029ED42 /* BookCollectionApp.xcdatamodel */,
			);
			currentVersion = 844BD08C2D4DF2CC0029ED42 /* BookCollectionApp.xcdatamodel */;
			path = BookCollectionApp.xcdatamodeld;
			sourceTree = "<group>";
			versionGroupType = wrapper.xcdatamodel;
		};
/* End XCVersionGroup section */
	};
	rootObject = 844BD0562D4DF27B0029ED42 /* Project object */;
}
