// !$*UTF8*$!
{
	archiveVersion = 1;
	classes = {
	};
	objectVersion = 56;
	objects = {

/* Begin PBXBuildFile section */
		844BD0A32D4E38520029ED42 /* RestApiApp.swift in Sources */ = {isa = PBXBuildFile; fileRef = 844BD0A22D4E38520029ED42 /* RestApiApp.swift */; };
		844BD0A52D4E38520029ED42 /* ContentView.swift in Sources */ = {isa = PBXBuildFile; fileRef = 844BD0A42D4E38520029ED42 /* ContentView.swift */; };
		844BD0A72D4E38540029ED42 /* Assets.xcassets in Resources */ = {isa = PBXBuildFile; fileRef = 844BD0A62D4E38540029ED42 /* Assets.xcassets */; };
		844BD0AA2D4E38540029ED42 /* Preview Assets.xcassets in Resources */ = {isa = PBXBuildFile; fileRef = 844BD0A92D4E38540029ED42 /* Preview Assets.xcassets */; };
		844BD0B42D4E38540029ED42 /* RestApiTests.swift in Sources */ = {isa = PBXBuildFile; fileRef = 844BD0B32D4E38540029ED42 /* RestApiTests.swift */; };
		844BD0BE2D4E38540029ED42 /* RestApiUITests.swift in Sources */ = {isa = PBXBuildFile; fileRef = 844BD0BD2D4E38540029ED42 /* RestApiUITests.swift */; };
		844BD0C02D4E38540029ED42 /* RestApiUITestsLaunchTests.swift in Sources */ = {isa = PBXBuildFile; fileRef = 844BD0BF2D4E38540029ED42 /* RestApiUITestsLaunchTests.swift */; };
		844BD0CD2D4E391A0029ED42 /* APIService.swift in Sources */ = {isa = PBXBuildFile; fileRef = 844BD0CC2D4E391A0029ED42 /* APIService.swift */; };
/* End PBXBuildFile section */

/* Begin PBXContainerItemProxy section */
		844BD0B02D4E38540029ED42 /* PBXContainerItemProxy */ = {
			isa = PBXContainerItemProxy;
			containerPortal = 844BD0972D4E38520029ED42 /* Project object */;
			proxyType = 1;
			remoteGlobalIDString = 844BD09E2D4E38520029ED42;
			remoteInfo = RestApi;
		};
		844BD0BA2D4E38540029ED42 /* PBXContainerItemProxy */ = {
			isa = PBXContainerItemProxy;
			containerPortal = 844BD0972D4E38520029ED42 /* Project object */;
			proxyType = 1;
			remoteGlobalIDString = 844BD09E2D4E38520029ED42;
			remoteInfo = RestApi;
		};
/* End PBXContainerItemProxy section */

/* Begin PBXFileReference section */
		844BD09F2D4E38520029ED42 /* RestApi.app */ = {isa = PBXFileReference; explicitFileType = wrapper.application; includeInIndex = 0; path = RestApi.app; sourceTree = BUILT_PRODUCTS_DIR; };
		844BD0A22D4E38520029ED42 /* RestApiApp.swift */ = {isa = PBXFileReference; lastKnownFileType = sourcecode.swift; path = RestApiApp.swift; sourceTree = "<group>"; };
		844BD0A42D4E38520029ED42 /* ContentView.swift */ = {isa = PBXFileReference; lastKnownFileType = sourcecode.swift; path = ContentView.swift; sourceTree = "<group>"; };
		844BD0A62D4E38540029ED42 /* Assets.xcassets */ = {isa = PBXFileReference; lastKnownFileType = folder.assetcatalog; path = Assets.xcassets; sourceTree = "<group>"; };
		844BD0A92D4E38540029ED42 /* Preview Assets.xcassets */ = {isa = PBXFileReference; lastKnownFileType = folder.assetcatalog; path = "Preview Assets.xcassets"; sourceTree = "<group>"; };
		844BD0AF2D4E38540029ED42 /* RestApiTests.xctest */ = {isa = PBXFileReference; explicitFileType = wrapper.cfbundle; includeInIndex = 0; path = RestApiTests.xctest; sourceTree = BUILT_PRODUCTS_DIR; };
		844BD0B32D4E38540029ED42 /* RestApiTests.swift */ = {isa = PBXFileReference; lastKnownFileType = sourcecode.swift; path = RestApiTests.swift; sourceTree = "<group>"; };
		844BD0B92D4E38540029ED42 /* RestApiUITests.xctest */ = {isa = PBXFileReference; explicitFileType = wrapper.cfbundle; includeInIndex = 0; path = RestApiUITests.xctest; sourceTree = BUILT_PRODUCTS_DIR; };
		844BD0BD2D4E38540029ED42 /* RestApiUITests.swift */ = {isa = PBXFileReference; lastKnownFileType = sourcecode.swift; path = RestApiUITests.swift; sourceTree = "<group>"; };
		844BD0BF2D4E38540029ED42 /* RestApiUITestsLaunchTests.swift */ = {isa = PBXFileReference; lastKnownFileType = sourcecode.swift; path = RestApiUITestsLaunchTests.swift; sourceTree = "<group>"; };
		844BD0CC2D4E391A0029ED42 /* APIService.swift */ = {isa = PBXFileReference; lastKnownFileType = sourcecode.swift; path = APIService.swift; sourceTree = "<group>"; };
/* End PBXFileReference section */

/* Begin PBXFrameworksBuildPhase section */
		844BD09C2D4E38520029ED42 /* Frameworks */ = {
			isa = PBXFrameworksBuildPhase;
			buildActionMask = 2147483647;
			files = (
			);
			runOnlyForDeploymentPostprocessing = 0;
		};
		844BD0AC2D4E38540029ED42 /* Frameworks */ = {
			isa = PBXFrameworksBuildPhase;
			buildActionMask = 2147483647;
			files = (
			);
			runOnlyForDeploymentPostprocessing = 0;
		};
		844BD0B62D4E38540029ED42 /* Frameworks */ = {
			isa = PBXFrameworksBuildPhase;
			buildActionMask = 2147483647;
			files = (
			);
			runOnlyForDeploymentPostprocessing = 0;
		};
/* End PBXFrameworksBuildPhase section */

/* Begin PBXGroup section */
		844BD0962D4E38520029ED42 = {
			isa = PBXGroup;
			children = (
				844BD0A12D4E38520029ED42 /* RestApi */,
				844BD0B22D4E38540029ED42 /* RestApiTests */,
				844BD0BC2D4E38540029ED42 /* RestApiUITests */,
				844BD0A02D4E38520029ED42 /* Products */,
			);
			sourceTree = "<group>";
		};
		844BD0A02D4E38520029ED42 /* Products */ = {
			isa = PBXGroup;
			children = (
				844BD09F2D4E38520029ED42 /* RestApi.app */,
				844BD0AF2D4E38540029ED42 /* RestApiTests.xctest */,
				844BD0B92D4E38540029ED42 /* RestApiUITests.xctest */,
			);
			name = Products;
			sourceTree = "<group>";
		};
		844BD0A12D4E38520029ED42 /* RestApi */ = {
			isa = PBXGroup;
			children = (
				844BD0A22D4E38520029ED42 /* RestApiApp.swift */,
				844BD0A42D4E38520029ED42 /* ContentView.swift */,
				844BD0A62D4E38540029ED42 /* Assets.xcassets */,
				844BD0A82D4E38540029ED42 /* Preview Content */,
				844BD0CC2D4E391A0029ED42 /* APIService.swift */,
			);
			path = RestApi;
			sourceTree = "<group>";
		};
		844BD0A82D4E38540029ED42 /* Preview Content */ = {
			isa = PBXGroup;
			children = (
				844BD0A92D4E38540029ED42 /* Preview Assets.xcassets */,
			);
			path = "Preview Content";
			sourceTree = "<group>";
		};
		844BD0B22D4E38540029ED42 /* RestApiTests */ = {
			isa = PBXGroup;
			children = (
				844BD0B32D4E38540029ED42 /* RestApiTests.swift */,
			);
			path = RestApiTests;
			sourceTree = "<group>";
		};
		844BD0BC2D4E38540029ED42 /* RestApiUITests */ = {
			isa = PBXGroup;
			children = (
				844BD0BD2D4E38540029ED42 /* RestApiUITests.swift */,
				844BD0BF2D4E38540029ED42 /* RestApiUITestsLaunchTests.swift */,
			);
			path = RestApiUITests;
			sourceTree = "<group>";
		};
/* End PBXGroup section */

/* Begin PBXNativeTarget section */
		844BD09E2D4E38520029ED42 /* RestApi */ = {
			isa = PBXNativeTarget;
			buildConfigurationList = 844BD0C32D4E38540029ED42 /* Build configuration list for PBXNativeTarget "RestApi" */;
			buildPhases = (
				844BD09B2D4E38520029ED42 /* Sources */,
				844BD09C2D4E38520029ED42 /* Frameworks */,
				844BD09D2D4E38520029ED42 /* Resources */,
			);
			buildRules = (
			);
			dependencies = (
			);
			name = RestApi;
			productName = RestApi;
			productReference = 844BD09F2D4E38520029ED42 /* RestApi.app */;
			productType = "com.apple.product-type.application";
		};
		844BD0AE2D4E38540029ED42 /* RestApiTests */ = {
			isa = PBXNativeTarget;
			buildConfigurationList = 844BD0C62D4E38540029ED42 /* Build configuration list for PBXNativeTarget "RestApiTests" */;
			buildPhases = (
				844BD0AB2D4E38540029ED42 /* Sources */,
				844BD0AC2D4E38540029ED42 /* Frameworks */,
				844BD0AD2D4E38540029ED42 /* Resources */,
			);
			buildRules = (
			);
			dependencies = (
				844BD0B12D4E38540029ED42 /* PBXTargetDependency */,
			);
			name = RestApiTests;
			productName = RestApiTests;
			productReference = 844BD0AF2D4E38540029ED42 /* RestApiTests.xctest */;
			productType = "com.apple.product-type.bundle.unit-test";
		};
		844BD0B82D4E38540029ED42 /* RestApiUITests */ = {
			isa = PBXNativeTarget;
			buildConfigurationList = 844BD0C92D4E38540029ED42 /* Build configuration list for PBXNativeTarget "RestApiUITests" */;
			buildPhases = (
				844BD0B52D4E38540029ED42 /* Sources */,
				844BD0B62D4E38540029ED42 /* Frameworks */,
				844BD0B72D4E38540029ED42 /* Resources */,
			);
			buildRules = (
			);
			dependencies = (
				844BD0BB2D4E38540029ED42 /* PBXTargetDependency */,
			);
			name = RestApiUITests;
			productName = RestApiUITests;
			productReference = 844BD0B92D4E38540029ED42 /* RestApiUITests.xctest */;
			productType = "com.apple.product-type.bundle.ui-testing";
		};
/* End PBXNativeTarget section */

/* Begin PBXProject section */
		844BD0972D4E38520029ED42 /* Project object */ = {
			isa = PBXProject;
			attributes = {
				BuildIndependentTargetsInParallel = 1;
				LastSwiftUpdateCheck = 1400;
				LastUpgradeCheck = 1400;
				TargetAttributes = {
					844BD09E2D4E38520029ED42 = {
						CreatedOnToolsVersion = 14.0.1;
					};
					844BD0AE2D4E38540029ED42 = {
						CreatedOnToolsVersion = 14.0.1;
						TestTargetID = 844BD09E2D4E38520029ED42;
					};
					844BD0B82D4E38540029ED42 = {
						CreatedOnToolsVersion = 14.0.1;
						TestTargetID = 844BD09E2D4E38520029ED42;
					};
				};
			};
			buildConfigurationList = 844BD09A2D4E38520029ED42 /* Build configuration list for PBXProject "RestApi" */;
			compatibilityVersion = "Xcode 14.0";
			developmentRegion = en;
			hasScannedForEncodings = 0;
			knownRegions = (
				en,
				Base,
			);
			mainGroup = 844BD0962D4E38520029ED42;
			productRefGroup = 844BD0A02D4E38520029ED42 /* Products */;
			projectDirPath = "";
			projectRoot = "";
			targets = (
				844BD09E2D4E38520029ED42 /* RestApi */,
				844BD0AE2D4E38540029ED42 /* RestApiTests */,
				844BD0B82D4E38540029ED42 /* RestApiUITests */,
			);
		};
/* End PBXProject section */

/* Begin PBXResourcesBuildPhase section */
		844BD09D2D4E38520029ED42 /* Resources */ = {
			isa = PBXResourcesBuildPhase;
			buildActionMask = 2147483647;
			files = (
				844BD0AA2D4E38540029ED42 /* Preview Assets.xcassets in Resources */,
				844BD0A72D4E38540029ED42 /* Assets.xcassets in Resources */,
			);
			runOnlyForDeploymentPostprocessing = 0;
		};
		844BD0AD2D4E38540029ED42 /* Resources */ = {
			isa = PBXResourcesBuildPhase;
			buildActionMask = 2147483647;
			files = (
			);
			runOnlyForDeploymentPostprocessing = 0;
		};
		844BD0B72D4E38540029ED42 /* Resources */ = {
			isa = PBXResourcesBuildPhase;
			buildActionMask = 2147483647;
			files = (
			);
			runOnlyForDeploymentPostprocessing = 0;
		};
/* End PBXResourcesBuildPhase section */

/* Begin PBXSourcesBuildPhase section */
		844BD09B2D4E38520029ED42 /* Sources */ = {
			isa = PBXSourcesBuildPhase;
			buildActionMask = 2147483647;
			files = (
				844BD0A52D4E38520029ED42 /* ContentView.swift in Sources */,
				844BD0CD2D4E391A0029ED42 /* APIService.swift in Sources */,
				844BD0A32D4E38520029ED42 /* RestApiApp.swift in Sources */,
			);
			runOnlyForDeploymentPostprocessing = 0;
		};
		844BD0AB2D4E38540029ED42 /* Sources */ = {
			isa = PBXSourcesBuildPhase;
			buildActionMask = 2147483647;
			files = (
				844BD0B42D4E38540029ED42 /* RestApiTests.swift in Sources */,
			);
			runOnlyForDeploymentPostprocessing = 0;
		};
		844BD0B52D4E38540029ED42 /* Sources */ = {
			isa = PBXSourcesBuildPhase;
			buildActionMask = 2147483647;
			files = (
				844BD0BE2D4E38540029ED42 /* RestApiUITests.swift in Sources */,
				844BD0C02D4E38540029ED42 /* RestApiUITestsLaunchTests.swift in Sources */,
			);
			runOnlyForDeploymentPostprocessing = 0;
		};
/* End PBXSourcesBuildPhase section */

/* Begin PBXTargetDependency section */
		844BD0B12D4E38540029ED42 /* PBXTargetDependency */ = {
			isa = PBXTargetDependency;
			target = 844BD09E2D4E38520029ED42 /* RestApi */;
			targetProxy = 844BD0B02D4E38540029ED42 /* PBXContainerItemProxy */;
		};
		844BD0BB2D4E38540029ED42 /* PBXTargetDependency */ = {
			isa = PBXTargetDependency;
			target = 844BD09E2D4E38520029ED42 /* RestApi */;
			targetProxy = 844BD0BA2D4E38540029ED42 /* PBXContainerItemProxy */;
		};
/* End PBXTargetDependency section */

/* Begin XCBuildConfiguration section */
		844BD0C12D4E38540029ED42 /* Debug */ = {
			isa = XCBuildConfiguration;
			buildSettings = {
				ALWAYS_SEARCH_USER_PATHS = NO;
				CLANG_ANALYZER_NONNULL = YES;
				CLANG_ANALYZER_NUMBER_OBJECT_CONVERSION = YES_AGGRESSIVE;
				CLANG_CXX_LANGUAGE_STANDARD = "gnu++20";
				CLANG_ENABLE_MODULES = YES;
				CLANG_ENABLE_OBJC_ARC = YES;
				CLANG_ENABLE_OBJC_WEAK = YES;
				CLANG_WARN_BLOCK_CAPTURE_AUTORELEASING = YES;
				CLANG_WARN_BOOL_CONVERSION = YES;
				CLANG_WARN_COMMA = YES;
				CLANG_WARN_CONSTANT_CONVERSION = YES;
				CLANG_WARN_DEPRECATED_OBJC_IMPLEMENTATIONS = YES;
				CLANG_WARN_DIRECT_OBJC_ISA_USAGE = YES_ERROR;
				CLANG_WARN_DOCUMENTATION_COMMENTS = YES;
				CLANG_WARN_EMPTY_BODY = YES;
				CLANG_WARN_ENUM_CONVERSION = YES;
				CLANG_WARN_INFINITE_RECURSION = YES;
				CLANG_WARN_INT_CONVERSION = YES;
				CLANG_WARN_NON_LITERAL_NULL_CONVERSION = YES;
				CLANG_WARN_OBJC_IMPLICIT_RETAIN_SELF = YES;
				CLANG_WARN_OBJC_LITERAL_CONVERSION = YES;
				CLANG_WARN_OBJC_ROOT_CLASS = YES_ERROR;
				CLANG_WARN_QUOTED_INCLUDE_IN_FRAMEWORK_HEADER = YES;
				CLANG_WARN_RANGE_LOOP_ANALYSIS = YES;
				CLANG_WARN_STRICT_PROTOTYPES = YES;
				CLANG_WARN_SUSPICIOUS_MOVE = YES;
				CLANG_WARN_UNGUARDED_AVAILABILITY = YES_AGGRESSIVE;
				CLANG_WARN_UNREACHABLE_CODE = YES;
				CLANG_WARN__DUPLICATE_METHOD_MATCH = YES;
				COPY_PHASE_STRIP = NO;
				DEBUG_INFORMATION_FORMAT = dwarf;
				ENABLE_STRICT_OBJC_MSGSEND = YES;
				ENABLE_TESTABILITY = YES;
				GCC_C_LANGUAGE_STANDARD = gnu11;
				GCC_DYNAMIC_NO_PIC = NO;
				GCC_NO_COMMON_BLOCKS = YES;
				GCC_OPTIMIZATION_LEVEL = 0;
				GCC_PREPROCESSOR_DEFINITIONS = (
					"DEBUG=1",
					"$(inherited)",
				);
				GCC_WARN_64_TO_32_BIT_CONVERSION = YES;
				GCC_WARN_ABOUT_RETURN_TYPE = YES_ERROR;
				GCC_WARN_UNDECLARED_SELECTOR = YES;
				GCC_WARN_UNINITIALIZED_AUTOS = YES_AGGRESSIVE;
				GCC_WARN_UNUSED_FUNCTION = YES;
				GCC_WARN_UNUSED_VARIABLE = YES;
				IPHONEOS_DEPLOYMENT_TARGET = 16.0;
				MTL_ENABLE_DEBUG_INFO = INCLUDE_SOURCE;
				MTL_FAST_MATH = YES;
				ONLY_ACTIVE_ARCH = YES;
				SDKROOT = iphoneos;
				SWIFT_ACTIVE_COMPILATION_CONDITIONS = DEBUG;
				SWIFT_OPTIMIZATION_LEVEL = "-Onone";
			};
			name = Debug;
		};
		844BD0C22D4E38540029ED42 /* Release */ = {
			isa = XCBuildConfiguration;
			buildSettings = {
				ALWAYS_SEARCH_USER_PATHS = NO;
				CLANG_ANALYZER_NONNULL = YES;
				CLANG_ANALYZER_NUMBER_OBJECT_CONVERSION = YES_AGGRESSIVE;
				CLANG_CXX_LANGUAGE_STANDARD = "gnu++20";
				CLANG_ENABLE_MODULES = YES;
				CLANG_ENABLE_OBJC_ARC = YES;
				CLANG_ENABLE_OBJC_WEAK = YES;
				CLANG_WARN_BLOCK_CAPTURE_AUTORELEASING = YES;
				CLANG_WARN_BOOL_CONVERSION = YES;
				CLANG_WARN_COMMA = YES;
				CLANG_WARN_CONSTANT_CONVERSION = YES;
				CLANG_WARN_DEPRECATED_OBJC_IMPLEMENTATIONS = YES;
				CLANG_WARN_DIRECT_OBJC_ISA_USAGE = YES_ERROR;
				CLANG_WARN_DOCUMENTATION_COMMENTS = YES;
				CLANG_WARN_EMPTY_BODY = YES;
				CLANG_WARN_ENUM_CONVERSION = YES;
				CLANG_WARN_INFINITE_RECURSION = YES;
				CLANG_WARN_INT_CONVERSION = YES;
				CLANG_WARN_NON_LITERAL_NULL_CONVERSION = YES;
				CLANG_WARN_OBJC_IMPLICIT_RETAIN_SELF = YES;
				CLANG_WARN_OBJC_LITERAL_CONVERSION = YES;
				CLANG_WARN_OBJC_ROOT_CLASS = YES_ERROR;
				CLANG_WARN_QUOTED_INCLUDE_IN_FRAMEWORK_HEADER = YES;
				CLANG_WARN_RANGE_LOOP_ANALYSIS = YES;
				CLANG_WARN_STRICT_PROTOTYPES = YES;
				CLANG_WARN_SUSPICIOUS_MOVE = YES;
				CLANG_WARN_UNGUARDED_AVAILABILITY = YES_AGGRESSIVE;
				CLANG_WARN_UNREACHABLE_CODE = YES;
				CLANG_WARN__DUPLICATE_METHOD_MATCH = YES;
				COPY_PHASE_STRIP = NO;
				DEBUG_INFORMATION_FORMAT = "dwarf-with-dsym";
				ENABLE_NS_ASSERTIONS = NO;
				ENABLE_STRICT_OBJC_MSGSEND = YES;
				GCC_C_LANGUAGE_STANDARD = gnu11;
				GCC_NO_COMMON_BLOCKS = YES;
				GCC_WARN_64_TO_32_BIT_CONVERSION = YES;
				GCC_WARN_ABOUT_RETURN_TYPE = YES_ERROR;
				GCC_WARN_UNDECLARED_SELECTOR = YES;
				GCC_WARN_UNINITIALIZED_AUTOS = YES_AGGRESSIVE;
				GCC_WARN_UNUSED_FUNCTION = YES;
				GCC_WARN_UNUSED_VARIABLE = YES;
				IPHONEOS_DEPLOYMENT_TARGET = 16.0;
				MTL_ENABLE_DEBUG_INFO = NO;
				MTL_FAST_MATH = YES;
				SDKROOT = iphoneos;
				SWIFT_COMPILATION_MODE = wholemodule;
				SWIFT_OPTIMIZATION_LEVEL = "-O";
				VALIDATE_PRODUCT = YES;
			};
			name = Release;
		};
		844BD0C42D4E38540029ED42 /* Debug */ = {
			isa = XCBuildConfiguration;
			buildSettings = {
				ASSETCATALOG_COMPILER_APPICON_NAME = AppIcon;
				ASSETCATALOG_COMPILER_GLOBAL_ACCENT_COLOR_NAME = AccentColor;
				CODE_SIGN_STYLE = Automatic;
				CURRENT_PROJECT_VERSION = 1;
				DEVELOPMENT_ASSET_PATHS = "\"RestApi/Preview Content\"";
				ENABLE_PREVIEWS = YES;
				GENERATE_INFOPLIST_FILE = YES;
				INFOPLIST_KEY_UIApplicationSceneManifest_Generation = YES;
				INFOPLIST_KEY_UIApplicationSupportsIndirectInputEvents = YES;
				INFOPLIST_KEY_UILaunchScreen_Generation = YES;
				INFOPLIST_KEY_UISupportedInterfaceOrientations_iPad = "UIInterfaceOrientationPortrait UIInterfaceOrientationPortraitUpsideDown UIInterfaceOrientationLandscapeLeft UIInterfaceOrientationLandscapeRight";
				INFOPLIST_KEY_UISupportedInterfaceOrientations_iPhone = "UIInterfaceOrientationPortrait UIInterfaceOrientationLandscapeLeft UIInterfaceOrientationLandscapeRight";
				LD_RUNPATH_SEARCH_PATHS = (
					"$(inherited)",
					"@executable_path/Frameworks",
				);
				MARKETING_VERSION = 1.0;
				PRODUCT_BUNDLE_IDENTIFIER = com.example.sampleapp.RestApi;
				PRODUCT_NAME = "$(TARGET_NAME)";
				SWIFT_EMIT_LOC_STRINGS = YES;
				SWIFT_VERSION = 5.0;
				TARGETED_DEVICE_FAMILY = "1,2";
			};
			name = Debug;
		};
		844BD0C52D4E38540029ED42 /* Release */ = {
			isa = XCBuildConfiguration;
			buildSettings = {
				ASSETCATALOG_COMPILER_APPICON_NAME = AppIcon;
				ASSETCATALOG_COMPILER_GLOBAL_ACCENT_COLOR_NAME = AccentColor;
				CODE_SIGN_STYLE = Automatic;
				CURRENT_PROJECT_VERSION = 1;
				DEVELOPMENT_ASSET_PATHS = "\"RestApi/Preview Content\"";
				ENABLE_PREVIEWS = YES;
				GENERATE_INFOPLIST_FILE = YES;
				INFOPLIST_KEY_UIApplicationSceneManifest_Generation = YES;
				INFOPLIST_KEY_UIApplicationSupportsIndirectInputEvents = YES;
				INFOPLIST_KEY_UILaunchScreen_Generation = YES;
				INFOPLIST_KEY_UISupportedInterfaceOrientations_iPad = "UIInterfaceOrientationPortrait UIInterfaceOrientationPortraitUpsideDown UIInterfaceOrientationLandscapeLeft UIInterfaceOrientationLandscapeRight";
				INFOPLIST_KEY_UISupportedInterfaceOrientations_iPhone = "UIInterfaceOrientationPortrait UIInterfaceOrientationLandscapeLeft UIInterfaceOrientationLandscapeRight";
				LD_RUNPATH_SEARCH_PATHS = (
					"$(inherited)",
					"@executable_path/Frameworks",
				);
				MARKETING_VERSION = 1.0;
				PRODUCT_BUNDLE_IDENTIFIER = com.example.sampleapp.RestApi;
				PRODUCT_NAME = "$(TARGET_NAME)";
				SWIFT_EMIT_LOC_STRINGS = YES;
				SWIFT_VERSION = 5.0;
				TARGETED_DEVICE_FAMILY = "1,2";
			};
			name = Release;
		};
		844BD0C72D4E38540029ED42 /* Debug */ = {
			isa = XCBuildConfiguration;
			buildSettings = {
				ALWAYS_EMBED_SWIFT_STANDARD_LIBRARIES = YES;
				BUNDLE_LOADER = "$(TEST_HOST)";
				CODE_SIGN_STYLE = Automatic;
				CURRENT_PROJECT_VERSION = 1;
				GENERATE_INFOPLIST_FILE = YES;
				IPHONEOS_DEPLOYMENT_TARGET = 16.0;
				MARKETING_VERSION = 1.0;
				PRODUCT_BUNDLE_IDENTIFIER = com.example.sampleapp.RestApiTests;
				PRODUCT_NAME = "$(TARGET_NAME)";
				SWIFT_EMIT_LOC_STRINGS = NO;
				SWIFT_VERSION = 5.0;
				TARGETED_DEVICE_FAMILY = "1,2";
				TEST_HOST = "$(BUILT_PRODUCTS_DIR)/RestApi.app/$(BUNDLE_EXECUTABLE_FOLDER_PATH)/RestApi";
			};
			name = Debug;
		};
		844BD0C82D4E38540029ED42 /* Release */ = {
			isa = XCBuildConfiguration;
			buildSettings = {
				ALWAYS_EMBED_SWIFT_STANDARD_LIBRARIES = YES;
				BUNDLE_LOADER = "$(TEST_HOST)";
				CODE_SIGN_STYLE = Automatic;
				CURRENT_PROJECT_VERSION = 1;
				GENERATE_INFOPLIST_FILE = YES;
				IPHONEOS_DEPLOYMENT_TARGET = 16.0;
				MARKETING_VERSION = 1.0;
				PRODUCT_BUNDLE_IDENTIFIER = com.example.sampleapp.RestApiTests;
				PRODUCT_NAME = "$(TARGET_NAME)";
				SWIFT_EMIT_LOC_STRINGS = NO;
				SWIFT_VERSION = 5.0;
				TARGETED_DEVICE_FAMILY = "1,2";
				TEST_HOST = "$(BUILT_PRODUCTS_DIR)/RestApi.app/$(BUNDLE_EXECUTABLE_FOLDER_PATH)/RestApi";
			};
			name = Release;
		};
		844BD0CA2D4E38540029ED42 /* Debug */ = {
			isa = XCBuildConfiguration;
			buildSettings = {
				ALWAYS_EMBED_SWIFT_STANDARD_LIBRARIES = YES;
				CODE_SIGN_STYLE = Automatic;
				CURRENT_PROJECT_VERSION = 1;
				GENERATE_INFOPLIST_FILE = YES;
				MARKETING_VERSION = 1.0;
				PRODUCT_BUNDLE_IDENTIFIER = com.example.sampleapp.RestApiUITests;
				PRODUCT_NAME = "$(TARGET_NAME)";
				SWIFT_EMIT_LOC_STRINGS = NO;
				SWIFT_VERSION = 5.0;
				TARGETED_DEVICE_FAMILY = "1,2";
				TEST_TARGET_NAME = RestApi;
			};
			name = Debug;
		};
		844BD0CB2D4E38540029ED42 /* Release */ = {
			isa = XCBuildConfiguration;
			buildSettings = {
				ALWAYS_EMBED_SWIFT_STANDARD_LIBRARIES = YES;
				CODE_SIGN_STYLE = Automatic;
				CURRENT_PROJECT_VERSION = 1;
				GENERATE_INFOPLIST_FILE = YES;
				MARKETING_VERSION = 1.0;
				PRODUCT_BUNDLE_IDENTIFIER = com.example.sampleapp.RestApiUITests;
				PRODUCT_NAME = "$(TARGET_NAME)";
				SWIFT_EMIT_LOC_STRINGS = NO;
				SWIFT_VERSION = 5.0;
				TARGETED_DEVICE_FAMILY = "1,2";
				TEST_TARGET_NAME = RestApi;
			};
			name = Release;
		};
/* End XCBuildConfiguration section */

/* Begin XCConfigurationList section */
		844BD09A2D4E38520029ED42 /* Build configuration list for PBXProject "RestApi" */ = {
			isa = XCConfigurationList;
			buildConfigurations = (
				844BD0C12D4E38540029ED42 /* Debug */,
				844BD0C22D4E38540029ED42 /* Release */,
			);
			defaultConfigurationIsVisible = 0;
			defaultConfigurationName = Release;
		};
		844BD0C32D4E38540029ED42 /* Build configuration list for PBXNativeTarget "RestApi" */ = {
			isa = XCConfigurationList;
			buildConfigurations = (
				844BD0C42D4E38540029ED42 /* Debug */,
				844BD0C52D4E38540029ED42 /* Release */,
			);
			defaultConfigurationIsVisible = 0;
			defaultConfigurationName = Release;
		};
		844BD0C62D4E38540029ED42 /* Build configuration list for PBXNativeTarget "RestApiTests" */ = {
			isa = XCConfigurationList;
			buildConfigurations = (
				844BD0C72D4E38540029ED42 /* Debug */,
				844BD0C82D4E38540029ED42 /* Release */,
			);
			defaultConfigurationIsVisible = 0;
			defaultConfigurationName = Release;
		};
		844BD0C92D4E38540029ED42 /* Build configuration list for PBXNativeTarget "RestApiUITests" */ = {
			isa = XCConfigurationList;
			buildConfigurations = (
				844BD0CA2D4E38540029ED42 /* Debug */,
				844BD0CB2D4E38540029ED42 /* Release */,
			);
			defaultConfigurationIsVisible = 0;
			defaultConfigurationName = Release;
		};
/* End XCConfigurationList section */
	};
	rootObject = 844BD0972D4E38520029ED42 /* Project object */;
}
